
Microsoft Visual Studio Solution File, Format Version 12.00
# Visual Studio Version 17
VisualStudioVersion = 17.4.33403.182
MinimumVisualStudioVersion = 10.0.40219.1
Project("{FAE04EC0-301F-11D3-BF4B-00C04F79EFBC}") = "Unit11-Homework", "Unit11-Homework\Unit11-Homework.csproj", "{F3874882-1535-467F-AE94-FA644C754619}"
EndProject
Global
	GlobalSection(SolutionConfigurationPlatforms) = preSolution
		Debug|Any CPU = Debug|Any CPU
		Release|Any CPU = Release|Any CPU
	EndGlobalSection
	GlobalSection(ProjectConfigurationPlatforms) = postSolution
		{F3874882-1535-467F-AE94-FA644C754619}.Debug|Any CPU.ActiveCfg = Debug|Any CPU
		{F3874882-1535-467F-AE94-FA644C754619}.Debug|Any CPU.Build.0 = Debug|Any CPU
		{F3874882-1535-467F-AE94-FA644C754619}.Release|Any CPU.ActiveCfg = Release|Any CPU
		{F3874882-1535-467F-AE94-FA644C754619}.Release|Any CPU.Build.0 = Release|Any CPU
	EndGlobalSection
	GlobalSection(SolutionProperties) = preSolution
		HideSolutionNode = FALSE
	EndGlobalSection
	GlobalSection(ExtensibilityGlobals) = postSolution
		SolutionGuid = {2D41AE40-16F9-466F-94A6-429E141DD16E}
	EndGlobalSection
EndGlobal
